
Microsoft Visual Studio Solution File, Format Version 12.00
# Visual Studio Version 17
VisualStudioVersion = 17.6.33723.286
MinimumVisualStudioVersion = 10.0.40219.1
Project("{9A19103F-16F7-4668-BE54-9A1E7A4F7556}") = "W3WProject", "W3WProject\W3WProject.csproj", "{34F05CF3-786A-4CC9-96B2-703663D0F1E5}"
EndProject
Project("{2150E333-8FDC-42A3-9474-1A3956D46DE8}") = "Solution Items", "Solution Items", "{E75A425F-95EC-415E-8088-94E0B597C486}"
	ProjectSection(SolutionItems) = preProject
		BlazorWA_W3W\BlazorWA_W3W.sln = BlazorWA_W3W\BlazorWA_W3W.sln
		README.md = README.md
	EndProjectSection
EndProject
Project("{9A19103F-16F7-4668-BE54-9A1E7A4F7556}") = "WhatThreeWords", "W3WClass\WhatThreeWords.csproj", "{CF0F84DD-8686-48ED-9908-B5431D33D6E5}"
EndProject
Project("{9A19103F-16F7-4668-BE54-9A1E7A4F7556}") = "WhatThreeWordsConsole", "WhatThreeWordsConsole\WhatThreeWordsConsole.csproj", "{BE45CB89-FFCE-412C-BE7C-256E6B159BF7}"
EndProject
Project("{9A19103F-16F7-4668-BE54-9A1E7A4F7556}") = "WhatThreeWordsNugetConsole", "WhatThreeWordsNugetConsole\WhatThreeWordsNugetConsole.csproj", "{80832907-780C-4088-A002-FC6CA9D114F7}"
EndProject
Project("{9A19103F-16F7-4668-BE54-9A1E7A4F7556}") = "W3WBlazor", "W3WBlazor\W3WBlazor.csproj", "{54E5F6CB-C0C4-4F51-A718-286B9186264F}"
EndProject
Project("{9A19103F-16F7-4668-BE54-9A1E7A4F7556}") = "NetMauiW3W", "NetMauiW3W\NetMauiW3W.csproj", "{7A3C5AF7-79CA-4152-9996-1C524A7EF4A5}"
EndProject
Project("{9A19103F-16F7-4668-BE54-9A1E7A4F7556}") = "GetGPSsNugetConsole", "GetGPSsNugetConsole\GetGPSsNugetConsole.csproj", "{BEEB4263-2D4B-47C2-BAD5-81DEBD116D6A}"
EndProject
Project("{9A19103F-16F7-4668-BE54-9A1E7A4F7556}") = "GetGPS2BingMaps", "GetGPS2BingMaps\GetGPS2BingMaps.csproj", "{2DF57FCB-A920-433E-820D-0F43C2F08300}"
EndProject
Project("{9A19103F-16F7-4668-BE54-9A1E7A4F7556}") = "GPSMapfromW3WBlazor", "GPSMapfromW3WBlazor\GPSMapfromW3WBlazor.csproj", "{70C93949-E20D-4F66-A4F9-44C6B248C3D2}"
EndProject
Project("{9A19103F-16F7-4668-BE54-9A1E7A4F7556}") = "W3WFormApp", "W3WFormApp\W3WFormApp.csproj", "{8CA865EB-2BA2-4559-8929-C51950A44566}"
EndProject
Project("{FAE04EC0-301F-11D3-BF4B-00C04F79EFBC}") = "UWP_W3W2GPSLib", "UWP_W3W2GPSLib\UWP_W3W2GPSLib.csproj", "{4459BA13-C05D-4ED3-A896-EF640640D533}"
EndProject
Project("{FAE04EC0-301F-11D3-BF4B-00C04F79EFBC}") = "UWP_GetGPSfromW3W", "UWP_GetGPSfromW3W\UWP_GetGPSfromW3W.csproj", "{28A91D5F-4D32-41FA-9CC8-B0B88EA8CCDA}"
EndProject
Project("{9A19103F-16F7-4668-BE54-9A1E7A4F7556}") = "WPF_W3W2GPS", "WPF_W3W2GPS\WPF_W3W2GPS.csproj", "{14AD9C67-6ACB-4B8E-9966-E85592A08AF8}"
EndProject
Project("{9A19103F-16F7-4668-BE54-9A1E7A4F7556}") = "BlazorWA_W3W.Client", "BlazorWA_W3W\Client\BlazorWA_W3W.Client.csproj", "{0F181C44-0DE6-4B01-905C-B76FF9910CF1}"
EndProject
Project("{9A19103F-16F7-4668-BE54-9A1E7A4F7556}") = "BlazorWA_W3W.Server", "BlazorWA_W3W\Server\BlazorWA_W3W.Server.csproj", "{EB4605EE-6D13-4E30-8B76-B0E5ADED34D3}"
EndProject
Project("{9A19103F-16F7-4668-BE54-9A1E7A4F7556}") = "BlazorWA_W3W.Shared", "BlazorWA_W3W\Shared\BlazorWA_W3W.Shared.csproj", "{466822EE-77E0-46BA-B56A-4A60CC7899AA}"
EndProject
Project("{2150E333-8FDC-42A3-9474-1A3956D46DE8}") = "BlazorWebApplication_W3W", "BlazorWebApplication_W3W", "{A2EF2A68-467C-48CB-B318-4FF63D8E522E}"
EndProject
Global
	GlobalSection(SolutionConfigurationPlatforms) = preSolution
		Debug|Any CPU = Debug|Any CPU
		Debug|ARM = Debug|ARM
		Debug|ARM64 = Debug|ARM64
		Debug|x64 = Debug|x64
		Debug|x86 = Debug|x86
		Release|Any CPU = Release|Any CPU
		Release|ARM = Release|ARM
		Release|ARM64 = Release|ARM64
		Release|x64 = Release|x64
		Release|x86 = Release|x86
	EndGlobalSection
	GlobalSection(ProjectConfigurationPlatforms) = postSolution
		{34F05CF3-786A-4CC9-96B2-703663D0F1E5}.Debug|Any CPU.ActiveCfg = Debug|Any CPU
		{34F05CF3-786A-4CC9-96B2-703663D0F1E5}.Debug|Any CPU.Build.0 = Debug|Any CPU
		{34F05CF3-786A-4CC9-96B2-703663D0F1E5}.Debug|ARM.ActiveCfg = Debug|Any CPU
		{34F05CF3-786A-4CC9-96B2-703663D0F1E5}.Debug|ARM.Build.0 = Debug|Any CPU
		{34F05CF3-786A-4CC9-96B2-703663D0F1E5}.Debug|ARM64.ActiveCfg = Debug|Any CPU
		{34F05CF3-786A-4CC9-96B2-703663D0F1E5}.Debug|ARM64.Build.0 = Debug|Any CPU
		{34F05CF3-786A-4CC9-96B2-703663D0F1E5}.Debug|x64.ActiveCfg = Debug|Any CPU
		{34F05CF3-786A-4CC9-96B2-703663D0F1E5}.Debug|x64.Build.0 = Debug|Any CPU
		{34F05CF3-786A-4CC9-96B2-703663D0F1E5}.Debug|x86.ActiveCfg = Debug|Any CPU
		{34F05CF3-786A-4CC9-96B2-703663D0F1E5}.Debug|x86.Build.0 = Debug|Any CPU
		{34F05CF3-786A-4CC9-96B2-703663D0F1E5}.Release|Any CPU.ActiveCfg = Release|Any CPU
		{34F05CF3-786A-4CC9-96B2-703663D0F1E5}.Release|Any CPU.Build.0 = Release|Any CPU
		{34F05CF3-786A-4CC9-96B2-703663D0F1E5}.Release|ARM.ActiveCfg = Release|Any CPU
		{34F05CF3-786A-4CC9-96B2-703663D0F1E5}.Release|ARM.Build.0 = Release|Any CPU
		{34F05CF3-786A-4CC9-96B2-703663D0F1E5}.Release|ARM64.ActiveCfg = Release|Any CPU
		{34F05CF3-786A-4CC9-96B2-703663D0F1E5}.Release|ARM64.Build.0 = Release|Any CPU
		{34F05CF3-786A-4CC9-96B2-703663D0F1E5}.Release|x64.ActiveCfg = Release|Any CPU
		{34F05CF3-786A-4CC9-96B2-703663D0F1E5}.Release|x64.Build.0 = Release|Any CPU
		{34F05CF3-786A-4CC9-96B2-703663D0F1E5}.Release|x86.ActiveCfg = Release|Any CPU
		{34F05CF3-786A-4CC9-96B2-703663D0F1E5}.Release|x86.Build.0 = Release|Any CPU
		{CF0F84DD-8686-48ED-9908-B5431D33D6E5}.Debug|Any CPU.ActiveCfg = Debug|Any CPU
		{CF0F84DD-8686-48ED-9908-B5431D33D6E5}.Debug|Any CPU.Build.0 = Debug|Any CPU
		{CF0F84DD-8686-48ED-9908-B5431D33D6E5}.Debug|ARM.ActiveCfg = Debug|Any CPU
		{CF0F84DD-8686-48ED-9908-B5431D33D6E5}.Debug|ARM.Build.0 = Debug|Any CPU
		{CF0F84DD-8686-48ED-9908-B5431D33D6E5}.Debug|ARM64.ActiveCfg = Debug|Any CPU
		{CF0F84DD-8686-48ED-9908-B5431D33D6E5}.Debug|ARM64.Build.0 = Debug|Any CPU
		{CF0F84DD-8686-48ED-9908-B5431D33D6E5}.Debug|x64.ActiveCfg = Debug|Any CPU
		{CF0F84DD-8686-48ED-9908-B5431D33D6E5}.Debug|x64.Build.0 = Debug|Any CPU
		{CF0F84DD-8686-48ED-9908-B5431D33D6E5}.Debug|x86.ActiveCfg = Debug|Any CPU
		{CF0F84DD-8686-48ED-9908-B5431D33D6E5}.Debug|x86.Build.0 = Debug|Any CPU
		{CF0F84DD-8686-48ED-9908-B5431D33D6E5}.Release|Any CPU.ActiveCfg = Release|Any CPU
		{CF0F84DD-8686-48ED-9908-B5431D33D6E5}.Release|Any CPU.Build.0 = Release|Any CPU
		{CF0F84DD-8686-48ED-9908-B5431D33D6E5}.Release|ARM.ActiveCfg = Release|Any CPU
		{CF0F84DD-8686-48ED-9908-B5431D33D6E5}.Release|ARM.Build.0 = Release|Any CPU
		{CF0F84DD-8686-48ED-9908-B5431D33D6E5}.Release|ARM64.ActiveCfg = Release|Any CPU
		{CF0F84DD-8686-48ED-9908-B5431D33D6E5}.Release|ARM64.Build.0 = Release|Any CPU
		{CF0F84DD-8686-48ED-9908-B5431D33D6E5}.Release|x64.ActiveCfg = Release|Any CPU
		{CF0F84DD-8686-48ED-9908-B5431D33D6E5}.Release|x64.Build.0 = Release|Any CPU
		{CF0F84DD-8686-48ED-9908-B5431D33D6E5}.Release|x86.ActiveCfg = Release|Any CPU
		{CF0F84DD-8686-48ED-9908-B5431D33D6E5}.Release|x86.Build.0 = Release|Any CPU
		{BE45CB89-FFCE-412C-BE7C-256E6B159BF7}.Debug|Any CPU.ActiveCfg = Debug|Any CPU
		{BE45CB89-FFCE-412C-BE7C-256E6B159BF7}.Debug|Any CPU.Build.0 = Debug|Any CPU
		{BE45CB89-FFCE-412C-BE7C-256E6B159BF7}.Debug|ARM.ActiveCfg = Debug|Any CPU
		{BE45CB89-FFCE-412C-BE7C-256E6B159BF7}.Debug|ARM.Build.0 = Debug|Any CPU
		{BE45CB89-FFCE-412C-BE7C-256E6B159BF7}.Debug|ARM64.ActiveCfg = Debug|Any CPU
		{BE45CB89-FFCE-412C-BE7C-256E6B159BF7}.Debug|ARM64.Build.0 = Debug|Any CPU
		{BE45CB89-FFCE-412C-BE7C-256E6B159BF7}.Debug|x64.ActiveCfg = Debug|Any CPU
		{BE45CB89-FFCE-412C-BE7C-256E6B159BF7}.Debug|x64.Build.0 = Debug|Any CPU
		{BE45CB89-FFCE-412C-BE7C-256E6B159BF7}.Debug|x86.ActiveCfg = Debug|Any CPU
		{BE45CB89-FFCE-412C-BE7C-256E6B159BF7}.Debug|x86.Build.0 = Debug|Any CPU
		{BE45CB89-FFCE-412C-BE7C-256E6B159BF7}.Release|Any CPU.ActiveCfg = Release|Any CPU
		{BE45CB89-FFCE-412C-BE7C-256E6B159BF7}.Release|Any CPU.Build.0 = Release|Any CPU
		{BE45CB89-FFCE-412C-BE7C-256E6B159BF7}.Release|ARM.ActiveCfg = Release|Any CPU
		{BE45CB89-FFCE-412C-BE7C-256E6B159BF7}.Release|ARM.Build.0 = Release|Any CPU
		{BE45CB89-FFCE-412C-BE7C-256E6B159BF7}.Release|ARM64.ActiveCfg = Release|Any CPU
		{BE45CB89-FFCE-412C-BE7C-256E6B159BF7}.Release|ARM64.Build.0 = Release|Any CPU
		{BE45CB89-FFCE-412C-BE7C-256E6B159BF7}.Release|x64.ActiveCfg = Release|Any CPU
		{BE45CB89-FFCE-412C-BE7C-256E6B159BF7}.Release|x64.Build.0 = Release|Any CPU
		{BE45CB89-FFCE-412C-BE7C-256E6B159BF7}.Release|x86.ActiveCfg = Release|Any CPU
		{BE45CB89-FFCE-412C-BE7C-256E6B159BF7}.Release|x86.Build.0 = Release|Any CPU
		{80832907-780C-4088-A002-FC6CA9D114F7}.Debug|Any CPU.ActiveCfg = Debug|Any CPU
		{80832907-780C-4088-A002-FC6CA9D114F7}.Debug|Any CPU.Build.0 = Debug|Any CPU
		{80832907-780C-4088-A002-FC6CA9D114F7}.Debug|ARM.ActiveCfg = Debug|Any CPU
		{80832907-780C-4088-A002-FC6CA9D114F7}.Debug|ARM.Build.0 = Debug|Any CPU
		{80832907-780C-4088-A002-FC6CA9D114F7}.Debug|ARM64.ActiveCfg = Debug|Any CPU
		{80832907-780C-4088-A002-FC6CA9D114F7}.Debug|ARM64.Build.0 = Debug|Any CPU
		{80832907-780C-4088-A002-FC6CA9D114F7}.Debug|x64.ActiveCfg = Debug|Any CPU
		{80832907-780C-4088-A002-FC6CA9D114F7}.Debug|x64.Build.0 = Debug|Any CPU
		{80832907-780C-4088-A002-FC6CA9D114F7}.Debug|x86.ActiveCfg = Debug|Any CPU
		{80832907-780C-4088-A002-FC6CA9D114F7}.Debug|x86.Build.0 = Debug|Any CPU
		{80832907-780C-4088-A002-FC6CA9D114F7}.Release|Any CPU.ActiveCfg = Release|Any CPU
		{80832907-780C-4088-A002-FC6CA9D114F7}.Release|Any CPU.Build.0 = Release|Any CPU
		{80832907-780C-4088-A002-FC6CA9D114F7}.Release|ARM.ActiveCfg = Release|Any CPU
		{80832907-780C-4088-A002-FC6CA9D114F7}.Release|ARM.Build.0 = Release|Any CPU
		{80832907-780C-4088-A002-FC6CA9D114F7}.Release|ARM64.ActiveCfg = Release|Any CPU
		{80832907-780C-4088-A002-FC6CA9D114F7}.Release|ARM64.Build.0 = Release|Any CPU
		{80832907-780C-4088-A002-FC6CA9D114F7}.Release|x64.ActiveCfg = Release|Any CPU
		{80832907-780C-4088-A002-FC6CA9D114F7}.Release|x64.Build.0 = Release|Any CPU
		{80832907-780C-4088-A002-FC6CA9D114F7}.Release|x86.ActiveCfg = Release|Any CPU
		{80832907-780C-4088-A002-FC6CA9D114F7}.Release|x86.Build.0 = Release|Any CPU
		{54E5F6CB-C0C4-4F51-A718-286B9186264F}.Debug|Any CPU.ActiveCfg = Debug|Any CPU
		{54E5F6CB-C0C4-4F51-A718-286B9186264F}.Debug|Any CPU.Build.0 = Debug|Any CPU
		{54E5F6CB-C0C4-4F51-A718-286B9186264F}.Debug|ARM.ActiveCfg = Debug|Any CPU
		{54E5F6CB-C0C4-4F51-A718-286B9186264F}.Debug|ARM.Build.0 = Debug|Any CPU
		{54E5F6CB-C0C4-4F51-A718-286B9186264F}.Debug|ARM64.ActiveCfg = Debug|Any CPU
		{54E5F6CB-C0C4-4F51-A718-286B9186264F}.Debug|ARM64.Build.0 = Debug|Any CPU
		{54E5F6CB-C0C4-4F51-A718-286B9186264F}.Debug|x64.ActiveCfg = Debug|Any CPU
		{54E5F6CB-C0C4-4F51-A718-286B9186264F}.Debug|x64.Build.0 = Debug|Any CPU
		{54E5F6CB-C0C4-4F51-A718-286B9186264F}.Debug|x86.ActiveCfg = Debug|Any CPU
		{54E5F6CB-C0C4-4F51-A718-286B9186264F}.Debug|x86.Build.0 = Debug|Any CPU
		{54E5F6CB-C0C4-4F51-A718-286B9186264F}.Release|Any CPU.ActiveCfg = Release|Any CPU
		{54E5F6CB-C0C4-4F51-A718-286B9186264F}.Release|Any CPU.Build.0 = Release|Any CPU
		{54E5F6CB-C0C4-4F51-A718-286B9186264F}.Release|ARM.ActiveCfg = Release|Any CPU
		{54E5F6CB-C0C4-4F51-A718-286B9186264F}.Release|ARM.Build.0 = Release|Any CPU
		{54E5F6CB-C0C4-4F51-A718-286B9186264F}.Release|ARM64.ActiveCfg = Release|Any CPU
		{54E5F6CB-C0C4-4F51-A718-286B9186264F}.Release|ARM64.Build.0 = Release|Any CPU
		{54E5F6CB-C0C4-4F51-A718-286B9186264F}.Release|x64.ActiveCfg = Release|Any CPU
		{54E5F6CB-C0C4-4F51-A718-286B9186264F}.Release|x64.Build.0 = Release|Any CPU
		{54E5F6CB-C0C4-4F51-A718-286B9186264F}.Release|x86.ActiveCfg = Release|Any CPU
		{54E5F6CB-C0C4-4F51-A718-286B9186264F}.Release|x86.Build.0 = Release|Any CPU
		{7A3C5AF7-79CA-4152-9996-1C524A7EF4A5}.Debug|Any CPU.ActiveCfg = Debug|Any CPU
		{7A3C5AF7-79CA-4152-9996-1C524A7EF4A5}.Debug|Any CPU.Build.0 = Debug|Any CPU
		{7A3C5AF7-79CA-4152-9996-1C524A7EF4A5}.Debug|Any CPU.Deploy.0 = Debug|Any CPU
		{7A3C5AF7-79CA-4152-9996-1C524A7EF4A5}.Debug|ARM.ActiveCfg = Debug|Any CPU
		{7A3C5AF7-79CA-4152-9996-1C524A7EF4A5}.Debug|ARM.Build.0 = Debug|Any CPU
		{7A3C5AF7-79CA-4152-9996-1C524A7EF4A5}.Debug|ARM.Deploy.0 = Debug|Any CPU
		{7A3C5AF7-79CA-4152-9996-1C524A7EF4A5}.Debug|ARM64.ActiveCfg = Debug|Any CPU
		{7A3C5AF7-79CA-4152-9996-1C524A7EF4A5}.Debug|ARM64.Build.0 = Debug|Any CPU
		{7A3C5AF7-79CA-4152-9996-1C524A7EF4A5}.Debug|ARM64.Deploy.0 = Debug|Any CPU
		{7A3C5AF7-79CA-4152-9996-1C524A7EF4A5}.Debug|x64.ActiveCfg = Debug|Any CPU
		{7A3C5AF7-79CA-4152-9996-1C524A7EF4A5}.Debug|x64.Build.0 = Debug|Any CPU
		{7A3C5AF7-79CA-4152-9996-1C524A7EF4A5}.Debug|x64.Deploy.0 = Debug|Any CPU
		{7A3C5AF7-79CA-4152-9996-1C524A7EF4A5}.Debug|x86.ActiveCfg = Debug|Any CPU
		{7A3C5AF7-79CA-4152-9996-1C524A7EF4A5}.Debug|x86.Build.0 = Debug|Any CPU
		{7A3C5AF7-79CA-4152-9996-1C524A7EF4A5}.Debug|x86.Deploy.0 = Debug|Any CPU
		{7A3C5AF7-79CA-4152-9996-1C524A7EF4A5}.Release|Any CPU.ActiveCfg = Release|Any CPU
		{7A3C5AF7-79CA-4152-9996-1C524A7EF4A5}.Release|Any CPU.Build.0 = Release|Any CPU
		{7A3C5AF7-79CA-4152-9996-1C524A7EF4A5}.Release|Any CPU.Deploy.0 = Release|Any CPU
		{7A3C5AF7-79CA-4152-9996-1C524A7EF4A5}.Release|ARM.ActiveCfg = Release|Any CPU
		{7A3C5AF7-79CA-4152-9996-1C524A7EF4A5}.Release|ARM.Build.0 = Release|Any CPU
		{7A3C5AF7-79CA-4152-9996-1C524A7EF4A5}.Release|ARM.Deploy.0 = Release|Any CPU
		{7A3C5AF7-79CA-4152-9996-1C524A7EF4A5}.Release|ARM64.ActiveCfg = Release|Any CPU
		{7A3C5AF7-79CA-4152-9996-1C524A7EF4A5}.Release|ARM64.Build.0 = Release|Any CPU
		{7A3C5AF7-79CA-4152-9996-1C524A7EF4A5}.Release|ARM64.Deploy.0 = Release|Any CPU
		{7A3C5AF7-79CA-4152-9996-1C524A7EF4A5}.Release|x64.ActiveCfg = Release|Any CPU
		{7A3C5AF7-79CA-4152-9996-1C524A7EF4A5}.Release|x64.Build.0 = Release|Any CPU
		{7A3C5AF7-79CA-4152-9996-1C524A7EF4A5}.Release|x64.Deploy.0 = Release|Any CPU
		{7A3C5AF7-79CA-4152-9996-1C524A7EF4A5}.Release|x86.ActiveCfg = Release|Any CPU
		{7A3C5AF7-79CA-4152-9996-1C524A7EF4A5}.Release|x86.Build.0 = Release|Any CPU
		{7A3C5AF7-79CA-4152-9996-1C524A7EF4A5}.Release|x86.Deploy.0 = Release|Any CPU
		{BEEB4263-2D4B-47C2-BAD5-81DEBD116D6A}.Debug|Any CPU.ActiveCfg = Debug|Any CPU
		{BEEB4263-2D4B-47C2-BAD5-81DEBD116D6A}.Debug|Any CPU.Build.0 = Debug|Any CPU
		{BEEB4263-2D4B-47C2-BAD5-81DEBD116D6A}.Debug|ARM.ActiveCfg = Debug|Any CPU
		{BEEB4263-2D4B-47C2-BAD5-81DEBD116D6A}.Debug|ARM.Build.0 = Debug|Any CPU
		{BEEB4263-2D4B-47C2-BAD5-81DEBD116D6A}.Debug|ARM64.ActiveCfg = Debug|Any CPU
		{BEEB4263-2D4B-47C2-BAD5-81DEBD116D6A}.Debug|ARM64.Build.0 = Debug|Any CPU
		{BEEB4263-2D4B-47C2-BAD5-81DEBD116D6A}.Debug|x64.ActiveCfg = Debug|Any CPU
		{BEEB4263-2D4B-47C2-BAD5-81DEBD116D6A}.Debug|x64.Build.0 = Debug|Any CPU
		{BEEB4263-2D4B-47C2-BAD5-81DEBD116D6A}.Debug|x86.ActiveCfg = Debug|Any CPU
		{BEEB4263-2D4B-47C2-BAD5-81DEBD116D6A}.Debug|x86.Build.0 = Debug|Any CPU
		{BEEB4263-2D4B-47C2-BAD5-81DEBD116D6A}.Release|Any CPU.ActiveCfg = Release|Any CPU
		{BEEB4263-2D4B-47C2-BAD5-81DEBD116D6A}.Release|Any CPU.Build.0 = Release|Any CPU
		{BEEB4263-2D4B-47C2-BAD5-81DEBD116D6A}.Release|ARM.ActiveCfg = Release|Any CPU
		{BEEB4263-2D4B-47C2-BAD5-81DEBD116D6A}.Release|ARM.Build.0 = Release|Any CPU
		{BEEB4263-2D4B-47C2-BAD5-81DEBD116D6A}.Release|ARM64.ActiveCfg = Release|Any CPU
		{BEEB4263-2D4B-47C2-BAD5-81DEBD116D6A}.Release|ARM64.Build.0 = Release|Any CPU
		{BEEB4263-2D4B-47C2-BAD5-81DEBD116D6A}.Release|x64.ActiveCfg = Release|Any CPU
		{BEEB4263-2D4B-47C2-BAD5-81DEBD116D6A}.Release|x64.Build.0 = Release|Any CPU
		{BEEB4263-2D4B-47C2-BAD5-81DEBD116D6A}.Release|x86.ActiveCfg = Release|Any CPU
		{BEEB4263-2D4B-47C2-BAD5-81DEBD116D6A}.Release|x86.Build.0 = Release|Any CPU
		{2DF57FCB-A920-433E-820D-0F43C2F08300}.Debug|Any CPU.ActiveCfg = Debug|Any CPU
		{2DF57FCB-A920-433E-820D-0F43C2F08300}.Debug|Any CPU.Build.0 = Debug|Any CPU
		{2DF57FCB-A920-433E-820D-0F43C2F08300}.Debug|ARM.ActiveCfg = Debug|Any CPU
		{2DF57FCB-A920-433E-820D-0F43C2F08300}.Debug|ARM.Build.0 = Debug|Any CPU
		{2DF57FCB-A920-433E-820D-0F43C2F08300}.Debug|ARM64.ActiveCfg = Debug|Any CPU
		{2DF57FCB-A920-433E-820D-0F43C2F08300}.Debug|ARM64.Build.0 = Debug|Any CPU
		{2DF57FCB-A920-433E-820D-0F43C2F08300}.Debug|x64.ActiveCfg = Debug|Any CPU
		{2DF57FCB-A920-433E-820D-0F43C2F08300}.Debug|x64.Build.0 = Debug|Any CPU
		{2DF57FCB-A920-433E-820D-0F43C2F08300}.Debug|x86.ActiveCfg = Debug|Any CPU
		{2DF57FCB-A920-433E-820D-0F43C2F08300}.Debug|x86.Build.0 = Debug|Any CPU
		{2DF57FCB-A920-433E-820D-0F43C2F08300}.Release|Any CPU.ActiveCfg = Release|Any CPU
		{2DF57FCB-A920-433E-820D-0F43C2F08300}.Release|Any CPU.Build.0 = Release|Any CPU
		{2DF57FCB-A920-433E-820D-0F43C2F08300}.Release|ARM.ActiveCfg = Release|Any CPU
		{2DF57FCB-A920-433E-820D-0F43C2F08300}.Release|ARM.Build.0 = Release|Any CPU
		{2DF57FCB-A920-433E-820D-0F43C2F08300}.Release|ARM64.ActiveCfg = Release|Any CPU
		{2DF57FCB-A920-433E-820D-0F43C2F08300}.Release|ARM64.Build.0 = Release|Any CPU
		{2DF57FCB-A920-433E-820D-0F43C2F08300}.Release|x64.ActiveCfg = Release|Any CPU
		{2DF57FCB-A920-433E-820D-0F43C2F08300}.Release|x64.Build.0 = Release|Any CPU
		{2DF57FCB-A920-433E-820D-0F43C2F08300}.Release|x86.ActiveCfg = Release|Any CPU
		{2DF57FCB-A920-433E-820D-0F43C2F08300}.Release|x86.Build.0 = Release|Any CPU
		{70C93949-E20D-4F66-A4F9-44C6B248C3D2}.Debug|Any CPU.ActiveCfg = Debug|Any CPU
		{70C93949-E20D-4F66-A4F9-44C6B248C3D2}.Debug|Any CPU.Build.0 = Debug|Any CPU
		{70C93949-E20D-4F66-A4F9-44C6B248C3D2}.Debug|ARM.ActiveCfg = Debug|Any CPU
		{70C93949-E20D-4F66-A4F9-44C6B248C3D2}.Debug|ARM.Build.0 = Debug|Any CPU
		{70C93949-E20D-4F66-A4F9-44C6B248C3D2}.Debug|ARM64.ActiveCfg = Debug|Any CPU
		{70C93949-E20D-4F66-A4F9-44C6B248C3D2}.Debug|ARM64.Build.0 = Debug|Any CPU
		{70C93949-E20D-4F66-A4F9-44C6B248C3D2}.Debug|x64.ActiveCfg = Debug|Any CPU
		{70C93949-E20D-4F66-A4F9-44C6B248C3D2}.Debug|x64.Build.0 = Debug|Any CPU
		{70C93949-E20D-4F66-A4F9-44C6B248C3D2}.Debug|x86.ActiveCfg = Debug|Any CPU
		{70C93949-E20D-4F66-A4F9-44C6B248C3D2}.Debug|x86.Build.0 = Debug|Any CPU
		{70C93949-E20D-4F66-A4F9-44C6B248C3D2}.Release|Any CPU.ActiveCfg = Release|Any CPU
		{70C93949-E20D-4F66-A4F9-44C6B248C3D2}.Release|Any CPU.Build.0 = Release|Any CPU
		{70C93949-E20D-4F66-A4F9-44C6B248C3D2}.Release|ARM.ActiveCfg = Release|Any CPU
		{70C93949-E20D-4F66-A4F9-44C6B248C3D2}.Release|ARM.Build.0 = Release|Any CPU
		{70C93949-E20D-4F66-A4F9-44C6B248C3D2}.Release|ARM64.ActiveCfg = Release|Any CPU
		{70C93949-E20D-4F66-A4F9-44C6B248C3D2}.Release|ARM64.Build.0 = Release|Any CPU
		{70C93949-E20D-4F66-A4F9-44C6B248C3D2}.Release|x64.ActiveCfg = Release|Any CPU
		{70C93949-E20D-4F66-A4F9-44C6B248C3D2}.Release|x64.Build.0 = Release|Any CPU
		{70C93949-E20D-4F66-A4F9-44C6B248C3D2}.Release|x86.ActiveCfg = Release|Any CPU
		{70C93949-E20D-4F66-A4F9-44C6B248C3D2}.Release|x86.Build.0 = Release|Any CPU
		{8CA865EB-2BA2-4559-8929-C51950A44566}.Debug|Any CPU.ActiveCfg = Debug|Any CPU
		{8CA865EB-2BA2-4559-8929-C51950A44566}.Debug|Any CPU.Build.0 = Debug|Any CPU
		{8CA865EB-2BA2-4559-8929-C51950A44566}.Debug|ARM.ActiveCfg = Debug|Any CPU
		{8CA865EB-2BA2-4559-8929-C51950A44566}.Debug|ARM.Build.0 = Debug|Any CPU
		{8CA865EB-2BA2-4559-8929-C51950A44566}.Debug|ARM64.ActiveCfg = Debug|Any CPU
		{8CA865EB-2BA2-4559-8929-C51950A44566}.Debug|ARM64.Build.0 = Debug|Any CPU
		{8CA865EB-2BA2-4559-8929-C51950A44566}.Debug|x64.ActiveCfg = Debug|Any CPU
		{8CA865EB-2BA2-4559-8929-C51950A44566}.Debug|x64.Build.0 = Debug|Any CPU
		{8CA865EB-2BA2-4559-8929-C51950A44566}.Debug|x86.ActiveCfg = Debug|Any CPU
		{8CA865EB-2BA2-4559-8929-C51950A44566}.Debug|x86.Build.0 = Debug|Any CPU
		{8CA865EB-2BA2-4559-8929-C51950A44566}.Release|Any CPU.ActiveCfg = Release|Any CPU
		{8CA865EB-2BA2-4559-8929-C51950A44566}.Release|Any CPU.Build.0 = Release|Any CPU
		{8CA865EB-2BA2-4559-8929-C51950A44566}.Release|ARM.ActiveCfg = Release|Any CPU
		{8CA865EB-2BA2-4559-8929-C51950A44566}.Release|ARM.Build.0 = Release|Any CPU
		{8CA865EB-2BA2-4559-8929-C51950A44566}.Release|ARM64.ActiveCfg = Release|Any CPU
		{8CA865EB-2BA2-4559-8929-C51950A44566}.Release|ARM64.Build.0 = Release|Any CPU
		{8CA865EB-2BA2-4559-8929-C51950A44566}.Release|x64.ActiveCfg = Release|Any CPU
		{8CA865EB-2BA2-4559-8929-C51950A44566}.Release|x64.Build.0 = Release|Any CPU
		{8CA865EB-2BA2-4559-8929-C51950A44566}.Release|x86.ActiveCfg = Release|Any CPU
		{8CA865EB-2BA2-4559-8929-C51950A44566}.Release|x86.Build.0 = Release|Any CPU
		{4459BA13-C05D-4ED3-A896-EF640640D533}.Debug|Any CPU.ActiveCfg = Debug|Any CPU
		{4459BA13-C05D-4ED3-A896-EF640640D533}.Debug|Any CPU.Build.0 = Debug|Any CPU
		{4459BA13-C05D-4ED3-A896-EF640640D533}.Debug|ARM.ActiveCfg = Debug|ARM
		{4459BA13-C05D-4ED3-A896-EF640640D533}.Debug|ARM.Build.0 = Debug|ARM
		{4459BA13-C05D-4ED3-A896-EF640640D533}.Debug|ARM64.ActiveCfg = Debug|ARM64
		{4459BA13-C05D-4ED3-A896-EF640640D533}.Debug|ARM64.Build.0 = Debug|ARM64
		{4459BA13-C05D-4ED3-A896-EF640640D533}.Debug|x64.ActiveCfg = Debug|x64
		{4459BA13-C05D-4ED3-A896-EF640640D533}.Debug|x64.Build.0 = Debug|x64
		{4459BA13-C05D-4ED3-A896-EF640640D533}.Debug|x86.ActiveCfg = Debug|x86
		{4459BA13-C05D-4ED3-A896-EF640640D533}.Debug|x86.Build.0 = Debug|x86
		{4459BA13-C05D-4ED3-A896-EF640640D533}.Release|Any CPU.ActiveCfg = Release|Any CPU
		{4459BA13-C05D-4ED3-A896-EF640640D533}.Release|Any CPU.Build.0 = Release|Any CPU
		{4459BA13-C05D-4ED3-A896-EF640640D533}.Release|ARM.ActiveCfg = Release|ARM
		{4459BA13-C05D-4ED3-A896-EF640640D533}.Release|ARM.Build.0 = Release|ARM
		{4459BA13-C05D-4ED3-A896-EF640640D533}.Release|ARM64.ActiveCfg = Release|ARM64
		{4459BA13-C05D-4ED3-A896-EF640640D533}.Release|ARM64.Build.0 = Release|ARM64
		{4459BA13-C05D-4ED3-A896-EF640640D533}.Release|x64.ActiveCfg = Release|x64
		{4459BA13-C05D-4ED3-A896-EF640640D533}.Release|x64.Build.0 = Release|x64
		{4459BA13-C05D-4ED3-A896-EF640640D533}.Release|x86.ActiveCfg = Release|x86
		{4459BA13-C05D-4ED3-A896-EF640640D533}.Release|x86.Build.0 = Release|x86
		{28A91D5F-4D32-41FA-9CC8-B0B88EA8CCDA}.Debug|Any CPU.ActiveCfg = Debug|x64
		{28A91D5F-4D32-41FA-9CC8-B0B88EA8CCDA}.Debug|Any CPU.Build.0 = Debug|x64
		{28A91D5F-4D32-41FA-9CC8-B0B88EA8CCDA}.Debug|Any CPU.Deploy.0 = Debug|x64
		{28A91D5F-4D32-41FA-9CC8-B0B88EA8CCDA}.Debug|ARM.ActiveCfg = Debug|ARM
		{28A91D5F-4D32-41FA-9CC8-B0B88EA8CCDA}.Debug|ARM.Build.0 = Debug|ARM
		{28A91D5F-4D32-41FA-9CC8-B0B88EA8CCDA}.Debug|ARM.Deploy.0 = Debug|ARM
		{28A91D5F-4D32-41FA-9CC8-B0B88EA8CCDA}.Debug|ARM64.ActiveCfg = Debug|ARM64
		{28A91D5F-4D32-41FA-9CC8-B0B88EA8CCDA}.Debug|ARM64.Build.0 = Debug|ARM64
		{28A91D5F-4D32-41FA-9CC8-B0B88EA8CCDA}.Debug|ARM64.Deploy.0 = Debug|ARM64
		{28A91D5F-4D32-41FA-9CC8-B0B88EA8CCDA}.Debug|x64.ActiveCfg = Debug|x64
		{28A91D5F-4D32-41FA-9CC8-B0B88EA8CCDA}.Debug|x64.Build.0 = Debug|x64
		{28A91D5F-4D32-41FA-9CC8-B0B88EA8CCDA}.Debug|x64.Deploy.0 = Debug|x64
		{28A91D5F-4D32-41FA-9CC8-B0B88EA8CCDA}.Debug|x86.ActiveCfg = Debug|x86
		{28A91D5F-4D32-41FA-9CC8-B0B88EA8CCDA}.Debug|x86.Build.0 = Debug|x86
		{28A91D5F-4D32-41FA-9CC8-B0B88EA8CCDA}.Debug|x86.Deploy.0 = Debug|x86
		{28A91D5F-4D32-41FA-9CC8-B0B88EA8CCDA}.Release|Any CPU.ActiveCfg = Release|x64
		{28A91D5F-4D32-41FA-9CC8-B0B88EA8CCDA}.Release|Any CPU.Build.0 = Release|x64
		{28A91D5F-4D32-41FA-9CC8-B0B88EA8CCDA}.Release|Any CPU.Deploy.0 = Release|x64
		{28A91D5F-4D32-41FA-9CC8-B0B88EA8CCDA}.Release|ARM.ActiveCfg = Release|ARM
		{28A91D5F-4D32-41FA-9CC8-B0B88EA8CCDA}.Release|ARM.Build.0 = Release|ARM
		{28A91D5F-4D32-41FA-9CC8-B0B88EA8CCDA}.Release|ARM.Deploy.0 = Release|ARM
		{28A91D5F-4D32-41FA-9CC8-B0B88EA8CCDA}.Release|ARM64.ActiveCfg = Release|ARM64
		{28A91D5F-4D32-41FA-9CC8-B0B88EA8CCDA}.Release|ARM64.Build.0 = Release|ARM64
		{28A91D5F-4D32-41FA-9CC8-B0B88EA8CCDA}.Release|ARM64.Deploy.0 = Release|ARM64
		{28A91D5F-4D32-41FA-9CC8-B0B88EA8CCDA}.Release|x64.ActiveCfg = Release|x64
		{28A91D5F-4D32-41FA-9CC8-B0B88EA8CCDA}.Release|x64.Build.0 = Release|x64
		{28A91D5F-4D32-41FA-9CC8-B0B88EA8CCDA}.Release|x64.Deploy.0 = Release|x64
		{28A91D5F-4D32-41FA-9CC8-B0B88EA8CCDA}.Release|x86.ActiveCfg = Release|x86
		{28A91D5F-4D32-41FA-9CC8-B0B88EA8CCDA}.Release|x86.Build.0 = Release|x86
		{28A91D5F-4D32-41FA-9CC8-B0B88EA8CCDA}.Release|x86.Deploy.0 = Release|x86
		{14AD9C67-6ACB-4B8E-9966-E85592A08AF8}.Debug|Any CPU.ActiveCfg = Debug|Any CPU
		{14AD9C67-6ACB-4B8E-9966-E85592A08AF8}.Debug|Any CPU.Build.0 = Debug|Any CPU
		{14AD9C67-6ACB-4B8E-9966-E85592A08AF8}.Debug|ARM.ActiveCfg = Debug|Any CPU
		{14AD9C67-6ACB-4B8E-9966-E85592A08AF8}.Debug|ARM.Build.0 = Debug|Any CPU
		{14AD9C67-6ACB-4B8E-9966-E85592A08AF8}.Debug|ARM64.ActiveCfg = Debug|Any CPU
		{14AD9C67-6ACB-4B8E-9966-E85592A08AF8}.Debug|ARM64.Build.0 = Debug|Any CPU
		{14AD9C67-6ACB-4B8E-9966-E85592A08AF8}.Debug|x64.ActiveCfg = Debug|Any CPU
		{14AD9C67-6ACB-4B8E-9966-E85592A08AF8}.Debug|x64.Build.0 = Debug|Any CPU
		{14AD9C67-6ACB-4B8E-9966-E85592A08AF8}.Debug|x86.ActiveCfg = Debug|Any CPU
		{14AD9C67-6ACB-4B8E-9966-E85592A08AF8}.Debug|x86.Build.0 = Debug|Any CPU
		{14AD9C67-6ACB-4B8E-9966-E85592A08AF8}.Release|Any CPU.ActiveCfg = Release|Any CPU
		{14AD9C67-6ACB-4B8E-9966-E85592A08AF8}.Release|Any CPU.Build.0 = Release|Any CPU
		{14AD9C67-6ACB-4B8E-9966-E85592A08AF8}.Release|ARM.ActiveCfg = Release|Any CPU
		{14AD9C67-6ACB-4B8E-9966-E85592A08AF8}.Release|ARM.Build.0 = Release|Any CPU
		{14AD9C67-6ACB-4B8E-9966-E85592A08AF8}.Release|ARM64.ActiveCfg = Release|Any CPU
		{14AD9C67-6ACB-4B8E-9966-E85592A08AF8}.Release|ARM64.Build.0 = Release|Any CPU
		{14AD9C67-6ACB-4B8E-9966-E85592A08AF8}.Release|x64.ActiveCfg = Release|Any CPU
		{14AD9C67-6ACB-4B8E-9966-E85592A08AF8}.Release|x64.Build.0 = Release|Any CPU
		{14AD9C67-6ACB-4B8E-9966-E85592A08AF8}.Release|x86.ActiveCfg = Release|Any CPU
		{14AD9C67-6ACB-4B8E-9966-E85592A08AF8}.Release|x86.Build.0 = Release|Any CPU
		{0F181C44-0DE6-4B01-905C-B76FF9910CF1}.Debug|Any CPU.ActiveCfg = Debug|Any CPU
		{0F181C44-0DE6-4B01-905C-B76FF9910CF1}.Debug|Any CPU.Build.0 = Debug|Any CPU
		{0F181C44-0DE6-4B01-905C-B76FF9910CF1}.Debug|ARM.ActiveCfg = Debug|Any CPU
		{0F181C44-0DE6-4B01-905C-B76FF9910CF1}.Debug|ARM.Build.0 = Debug|Any CPU
		{0F181C44-0DE6-4B01-905C-B76FF9910CF1}.Debug|ARM64.ActiveCfg = Debug|Any CPU
		{0F181C44-0DE6-4B01-905C-B76FF9910CF1}.Debug|ARM64.Build.0 = Debug|Any CPU
		{0F181C44-0DE6-4B01-905C-B76FF9910CF1}.Debug|x64.ActiveCfg = Debug|Any CPU
		{0F181C44-0DE6-4B01-905C-B76FF9910CF1}.Debug|x64.Build.0 = Debug|Any CPU
		{0F181C44-0DE6-4B01-905C-B76FF9910CF1}.Debug|x86.ActiveCfg = Debug|Any CPU
		{0F181C44-0DE6-4B01-905C-B76FF9910CF1}.Debug|x86.Build.0 = Debug|Any CPU
		{0F181C44-0DE6-4B01-905C-B76FF9910CF1}.Release|Any CPU.ActiveCfg = Release|Any CPU
		{0F181C44-0DE6-4B01-905C-B76FF9910CF1}.Release|Any CPU.Build.0 = Release|Any CPU
		{0F181C44-0DE6-4B01-905C-B76FF9910CF1}.Release|ARM.ActiveCfg = Release|Any CPU
		{0F181C44-0DE6-4B01-905C-B76FF9910CF1}.Release|ARM.Build.0 = Release|Any CPU
		{0F181C44-0DE6-4B01-905C-B76FF9910CF1}.Release|ARM64.ActiveCfg = Release|Any CPU
		{0F181C44-0DE6-4B01-905C-B76FF9910CF1}.Release|ARM64.Build.0 = Release|Any CPU
		{0F181C44-0DE6-4B01-905C-B76FF9910CF1}.Release|x64.ActiveCfg = Release|Any CPU
		{0F181C44-0DE6-4B01-905C-B76FF9910CF1}.Release|x64.Build.0 = Release|Any CPU
		{0F181C44-0DE6-4B01-905C-B76FF9910CF1}.Release|x86.ActiveCfg = Release|Any CPU
		{0F181C44-0DE6-4B01-905C-B76FF9910CF1}.Release|x86.Build.0 = Release|Any CPU
		{EB4605EE-6D13-4E30-8B76-B0E5ADED34D3}.Debug|Any CPU.ActiveCfg = Debug|Any CPU
		{EB4605EE-6D13-4E30-8B76-B0E5ADED34D3}.Debug|Any CPU.Build.0 = Debug|Any CPU
		{EB4605EE-6D13-4E30-8B76-B0E5ADED34D3}.Debug|ARM.ActiveCfg = Debug|Any CPU
		{EB4605EE-6D13-4E30-8B76-B0E5ADED34D3}.Debug|ARM.Build.0 = Debug|Any CPU
		{EB4605EE-6D13-4E30-8B76-B0E5ADED34D3}.Debug|ARM64.ActiveCfg = Debug|Any CPU
		{EB4605EE-6D13-4E30-8B76-B0E5ADED34D3}.Debug|ARM64.Build.0 = Debug|Any CPU
		{EB4605EE-6D13-4E30-8B76-B0E5ADED34D3}.Debug|x64.ActiveCfg = Debug|Any CPU
		{EB4605EE-6D13-4E30-8B76-B0E5ADED34D3}.Debug|x64.Build.0 = Debug|Any CPU
		{EB4605EE-6D13-4E30-8B76-B0E5ADED34D3}.Debug|x86.ActiveCfg = Debug|Any CPU
		{EB4605EE-6D13-4E30-8B76-B0E5ADED34D3}.Debug|x86.Build.0 = Debug|Any CPU
		{EB4605EE-6D13-4E30-8B76-B0E5ADED34D3}.Release|Any CPU.ActiveCfg = Release|Any CPU
		{EB4605EE-6D13-4E30-8B76-B0E5ADED34D3}.Release|Any CPU.Build.0 = Release|Any CPU
		{EB4605EE-6D13-4E30-8B76-B0E5ADED34D3}.Release|ARM.ActiveCfg = Release|Any CPU
		{EB4605EE-6D13-4E30-8B76-B0E5ADED34D3}.Release|ARM.Build.0 = Release|Any CPU
		{EB4605EE-6D13-4E30-8B76-B0E5ADED34D3}.Release|ARM64.ActiveCfg = Release|Any CPU
		{EB4605EE-6D13-4E30-8B76-B0E5ADED34D3}.Release|ARM64.Build.0 = Release|Any CPU
		{EB4605EE-6D13-4E30-8B76-B0E5ADED34D3}.Release|x64.ActiveCfg = Release|Any CPU
		{EB4605EE-6D13-4E30-8B76-B0E5ADED34D3}.Release|x64.Build.0 = Release|Any CPU
		{EB4605EE-6D13-4E30-8B76-B0E5ADED34D3}.Release|x86.ActiveCfg = Release|Any CPU
		{EB4605EE-6D13-4E30-8B76-B0E5ADED34D3}.Release|x86.Build.0 = Release|Any CPU
		{466822EE-77E0-46BA-B56A-4A60CC7899AA}.Debug|Any CPU.ActiveCfg = Debug|Any CPU
		{466822EE-77E0-46BA-B56A-4A60CC7899AA}.Debug|Any CPU.Build.0 = Debug|Any CPU
		{466822EE-77E0-46BA-B56A-4A60CC7899AA}.Debug|ARM.ActiveCfg = Debug|Any CPU
		{466822EE-77E0-46BA-B56A-4A60CC7899AA}.Debug|ARM.Build.0 = Debug|Any CPU
		{466822EE-77E0-46BA-B56A-4A60CC7899AA}.Debug|ARM64.ActiveCfg = Debug|Any CPU
		{466822EE-77E0-46BA-B56A-4A60CC7899AA}.Debug|ARM64.Build.0 = Debug|Any CPU
		{466822EE-77E0-46BA-B56A-4A60CC7899AA}.Debug|x64.ActiveCfg = Debug|Any CPU
		{466822EE-77E0-46BA-B56A-4A60CC7899AA}.Debug|x64.Build.0 = Debug|Any CPU
		{466822EE-77E0-46BA-B56A-4A60CC7899AA}.Debug|x86.ActiveCfg = Debug|Any CPU
		{466822EE-77E0-46BA-B56A-4A60CC7899AA}.Debug|x86.Build.0 = Debug|Any CPU
		{466822EE-77E0-46BA-B56A-4A60CC7899AA}.Release|Any CPU.ActiveCfg = Release|Any CPU
		{466822EE-77E0-46BA-B56A-4A60CC7899AA}.Release|Any CPU.Build.0 = Release|Any CPU
		{466822EE-77E0-46BA-B56A-4A60CC7899AA}.Release|ARM.ActiveCfg = Release|Any CPU
		{466822EE-77E0-46BA-B56A-4A60CC7899AA}.Release|ARM.Build.0 = Release|Any CPU
		{466822EE-77E0-46BA-B56A-4A60CC7899AA}.Release|ARM64.ActiveCfg = Release|Any CPU
		{466822EE-77E0-46BA-B56A-4A60CC7899AA}.Release|ARM64.Build.0 = Release|Any CPU
		{466822EE-77E0-46BA-B56A-4A60CC7899AA}.Release|x64.ActiveCfg = Release|Any CPU
		{466822EE-77E0-46BA-B56A-4A60CC7899AA}.Release|x64.Build.0 = Release|Any CPU
		{466822EE-77E0-46BA-B56A-4A60CC7899AA}.Release|x86.ActiveCfg = Release|Any CPU
		{466822EE-77E0-46BA-B56A-4A60CC7899AA}.Release|x86.Build.0 = Release|Any CPU
	EndGlobalSection
	GlobalSection(SolutionProperties) = preSolution
		HideSolutionNode = FALSE
	EndGlobalSection
	GlobalSection(NestedProjects) = preSolution
		{0F181C44-0DE6-4B01-905C-B76FF9910CF1} = {A2EF2A68-467C-48CB-B318-4FF63D8E522E}
		{EB4605EE-6D13-4E30-8B76-B0E5ADED34D3} = {A2EF2A68-467C-48CB-B318-4FF63D8E522E}
		{466822EE-77E0-46BA-B56A-4A60CC7899AA} = {A2EF2A68-467C-48CB-B318-4FF63D8E522E}
	EndGlobalSection
	GlobalSection(ExtensibilityGlobals) = postSolution
		SolutionGuid = {4410D66F-F3E6-461B-8361-282A60CF5C27}
	EndGlobalSection
EndGlobal
