
Microsoft Visual Studio Solution File, Format Version 12.00
# Visual Studio Version 17
VisualStudioVersion = 17.5.002.0
MinimumVisualStudioVersion = 10.0.40219.1
Project("{9A19103F-16F7-4668-BE54-9A1E7A4F7556}") = "W3WFormApp", "W3WFormApp.csproj", "{4C4796DD-D866-4572-823A-AFC3D6EB2347}"
EndProject
Global
	GlobalSection(SolutionConfigurationPlatforms) = preSolution
		Debug|Any CPU = Debug|Any CPU
		Release|Any CPU = Release|Any CPU
	EndGlobalSection
	GlobalSection(ProjectConfigurationPlatforms) = postSolution
		{4C4796DD-D866-4572-823A-AFC3D6EB2347}.Debug|Any CPU.ActiveCfg = Debug|Any CPU
		{4C4796DD-D866-4572-823A-AFC3D6EB2347}.Debug|Any CPU.Build.0 = Debug|Any CPU
		{4C4796DD-D866-4572-823A-AFC3D6EB2347}.Release|Any CPU.ActiveCfg = Release|Any CPU
		{4C4796DD-D866-4572-823A-AFC3D6EB2347}.Release|Any CPU.Build.0 = Release|Any CPU
	EndGlobalSection
	GlobalSection(SolutionProperties) = preSolution
		HideSolutionNode = FALSE
	EndGlobalSection
	GlobalSection(ExtensibilityGlobals) = postSolution
		SolutionGuid = {130F29C3-B9B1-449D-8C01-CE0D3E534520}
	EndGlobalSection
EndGlobal
